// !$*UTF8*$!
{
	archiveVersion = 1;
	classes = {
	};
	objectVersion = 46;
	objects = {

/* Begin PBXBuildFile section */
		9E6515301CBD8C2700965808 /* AppDelegate.swift in Sources */ = {isa = PBXBuildFile; fileRef = 9E65152F1CBD8C2700965808 /* AppDelegate.swift */; };
		9E6515321CBD8C2700965808 /* ViewController.swift in Sources */ = {isa = PBXBuildFile; fileRef = 9E6515311CBD8C2700965808 /* ViewController.swift */; };
		9E6515351CBD8C2700965808 /* Main.storyboard in Resources */ = {isa = PBXBuildFile; fileRef = 9E6515331CBD8C2700965808 /* Main.storyboard */; };
		9E6515381CBD8C2700965808 /* LearnYourManners.xcdatamodeld in Sources */ = {isa = PBXBuildFile; fileRef = 9E6515361CBD8C2700965808 /* LearnYourManners.xcdatamodeld */; };
		9E65153A1CBD8C2700965808 /* Assets.xcassets in Resources */ = {isa = PBXBuildFile; fileRef = 9E6515391CBD8C2700965808 /* Assets.xcassets */; };
		9E65153D1CBD8C2700965808 /* LaunchScreen.storyboard in Resources */ = {isa = PBXBuildFile; fileRef = 9E65153B1CBD8C2700965808 /* LaunchScreen.storyboard */; };
		9E6515451CBD8D7D00965808 /* Manner.swift in Sources */ = {isa = PBXBuildFile; fileRef = 9E6515441CBD8D7D00965808 /* Manner.swift */; };
		9E6515491CBD8F9400965808 /* EyeContact.swift in Sources */ = {isa = PBXBuildFile; fileRef = 9E6515481CBD8F9400965808 /* EyeContact.swift */; };
		9E65154B1CBD90BE00965808 /* GivingCompliments.swift in Sources */ = {isa = PBXBuildFile; fileRef = 9E65154A1CBD90BE00965808 /* GivingCompliments.swift */; };
		9E65154D1CBD913C00965808 /* Sneezing.swift in Sources */ = {isa = PBXBuildFile; fileRef = 9E65154C1CBD913C00965808 /* Sneezing.swift */; };
		9E65154F1CBD91A700965808 /* Restroom.swift in Sources */ = {isa = PBXBuildFile; fileRef = 9E65154E1CBD91A700965808 /* Restroom.swift */; };
		9E6515511CBD923100965808 /* ExcuseMe.swift in Sources */ = {isa = PBXBuildFile; fileRef = 9E6515501CBD923100965808 /* ExcuseMe.swift */; };
		9E6515531CBD923700965808 /* Please.swift in Sources */ = {isa = PBXBuildFile; fileRef = 9E6515521CBD923700965808 /* Please.swift */; };
		9E6515551CBD932F00965808 /* Eating.swift in Sources */ = {isa = PBXBuildFile; fileRef = 9E6515541CBD932F00965808 /* Eating.swift */; };
		9E6515571CBD933400965808 /* Drinking.swift in Sources */ = {isa = PBXBuildFile; fileRef = 9E6515561CBD933400965808 /* Drinking.swift */; };
		9E6515591CBD981400965808 /* MannerDetailedViewController.swift in Sources */ = {isa = PBXBuildFile; fileRef = 9E6515581CBD981400965808 /* MannerDetailedViewController.swift */; };
/* End PBXBuildFile section */

/* Begin PBXFileReference section */
		9E65152C1CBD8C2700965808 /* LearnYourManners.app */ = {isa = PBXFileReference; explicitFileType = wrapper.application; includeInIndex = 0; path = LearnYourManners.app; sourceTree = BUILT_PRODUCTS_DIR; };
		9E65152F1CBD8C2700965808 /* AppDelegate.swift */ = {isa = PBXFileReference; lastKnownFileType = sourcecode.swift; path = AppDelegate.swift; sourceTree = "<group>"; };
		9E6515311CBD8C2700965808 /* ViewController.swift */ = {isa = PBXFileReference; lastKnownFileType = sourcecode.swift; path = ViewController.swift; sourceTree = "<group>"; };
		9E6515341CBD8C2700965808 /* Base */ = {isa = PBXFileReference; lastKnownFileType = file.storyboard; name = Base; path = Base.lproj/Main.storyboard; sourceTree = "<group>"; };
		9E6515371CBD8C2700965808 /* LearnYourManners.xcdatamodel */ = {isa = PBXFileReference; lastKnownFileType = wrapper.xcdatamodel; path = LearnYourManners.xcdatamodel; sourceTree = "<group>"; };
		9E6515391CBD8C2700965808 /* Assets.xcassets */ = {isa = PBXFileReference; lastKnownFileType = folder.assetcatalog; path = Assets.xcassets; sourceTree = "<group>"; };
		9E65153C1CBD8C2700965808 /* Base */ = {isa = PBXFileReference; lastKnownFileType = file.storyboard; name = Base; path = Base.lproj/LaunchScreen.storyboard; sourceTree = "<group>"; };
		9E65153E1CBD8C2700965808 /* Info.plist */ = {isa = PBXFileReference; lastKnownFileType = text.plist.xml; path = Info.plist; sourceTree = "<group>"; };
		9E6515441CBD8D7D00965808 /* Manner.swift */ = {isa = PBXFileReference; fileEncoding = 4; lastKnownFileType = sourcecode.swift; path = Manner.swift; sourceTree = "<group>"; };
		9E6515481CBD8F9400965808 /* EyeContact.swift */ = {isa = PBXFileReference; fileEncoding = 4; lastKnownFileType = sourcecode.swift; path = EyeContact.swift; sourceTree = "<group>"; };
		9E65154A1CBD90BE00965808 /* GivingCompliments.swift */ = {isa = PBXFileReference; fileEncoding = 4; lastKnownFileType = sourcecode.swift; path = GivingCompliments.swift; sourceTree = "<group>"; };
		9E65154C1CBD913C00965808 /* Sneezing.swift */ = {isa = PBXFileReference; fileEncoding = 4; lastKnownFileType = sourcecode.swift; path = Sneezing.swift; sourceTree = "<group>"; };
		9E65154E1CBD91A700965808 /* Restroom.swift */ = {isa = PBXFileReference; fileEncoding = 4; lastKnownFileType = sourcecode.swift; path = Restroom.swift; sourceTree = "<group>"; };
		9E6515501CBD923100965808 /* ExcuseMe.swift */ = {isa = PBXFileReference; fileEncoding = 4; lastKnownFileType = sourcecode.swift; path = ExcuseMe.swift; sourceTree = "<group>"; };
		9E6515521CBD923700965808 /* Please.swift */ = {isa = PBXFileReference; fileEncoding = 4; lastKnownFileType = sourcecode.swift; path = Please.swift; sourceTree = "<group>"; };
		9E6515541CBD932F00965808 /* Eating.swift */ = {isa = PBXFileReference; fileEncoding = 4; lastKnownFileType = sourcecode.swift; path = Eating.swift; sourceTree = "<group>"; };
		9E6515561CBD933400965808 /* Drinking.swift */ = {isa = PBXFileReference; fileEncoding = 4; lastKnownFileType = sourcecode.swift; path = Drinking.swift; sourceTree = "<group>"; };
		9E6515581CBD981400965808 /* MannerDetailedViewController.swift */ = {isa = PBXFileReference; fileEncoding = 4; lastKnownFileType = sourcecode.swift; path = MannerDetailedViewController.swift; sourceTree = "<group>"; };
/* End PBXFileReference section */

/* Begin PBXFrameworksBuildPhase section */
		9E6515291CBD8C2700965808 /* Frameworks */ = {
			isa = PBXFrameworksBuildPhase;
			buildActionMask = 2147483647;
			files = (
			);
			runOnlyForDeploymentPostprocessing = 0;
		};
/* End PBXFrameworksBuildPhase section */

/* Begin PBXGroup section */
		9E6515231CBD8C2700965808 = {
			isa = PBXGroup;
			children = (
				9E65152E1CBD8C2700965808 /* LearnYourManners */,
				9E65152D1CBD8C2700965808 /* Products */,
			);
			sourceTree = "<group>";
		};
		9E65152D1CBD8C2700965808 /* Products */ = {
			isa = PBXGroup;
			children = (
				9E65152C1CBD8C2700965808 /* LearnYourManners.app */,
			);
			name = Products;
			sourceTree = "<group>";
		};
		9E65152E1CBD8C2700965808 /* LearnYourManners */ = {
			isa = PBXGroup;
			children = (
				9E65152F1CBD8C2700965808 /* AppDelegate.swift */,
				9E6515471CBD8F4B00965808 /* ViewControllers */,
				9E6515331CBD8C2700965808 /* Main.storyboard */,
				9E6515391CBD8C2700965808 /* Assets.xcassets */,
				9E65153B1CBD8C2700965808 /* LaunchScreen.storyboard */,
				9E65153E1CBD8C2700965808 /* Info.plist */,
				9E6515361CBD8C2700965808 /* LearnYourManners.xcdatamodeld */,
				9E6515461CBD8F3800965808 /* MannerSrc */,
			);
			path = LearnYourManners;
			sourceTree = "<group>";
		};
		9E6515461CBD8F3800965808 /* MannerSrc */ = {
			isa = PBXGroup;
			children = (
				9E6515441CBD8D7D00965808 /* Manner.swift */,
				9E6515481CBD8F9400965808 /* EyeContact.swift */,
				9E65154A1CBD90BE00965808 /* GivingCompliments.swift */,
				9E65154C1CBD913C00965808 /* Sneezing.swift */,
				9E65154E1CBD91A700965808 /* Restroom.swift */,
				9E6515501CBD923100965808 /* ExcuseMe.swift */,
				9E6515521CBD923700965808 /* Please.swift */,
				9E6515541CBD932F00965808 /* Eating.swift */,
				9E6515561CBD933400965808 /* Drinking.swift */,
			);
			name = MannerSrc;
			sourceTree = "<group>";
		};
		9E6515471CBD8F4B00965808 /* ViewControllers */ = {
			isa = PBXGroup;
			children = (
				9E6515311CBD8C2700965808 /* ViewController.swift */,
				9E6515581CBD981400965808 /* MannerDetailedViewController.swift */,
			);
			name = ViewControllers;
			sourceTree = "<group>";
		};
/* End PBXGroup section */

/* Begin PBXNativeTarget section */
		9E65152B1CBD8C2700965808 /* LearnYourManners */ = {
			isa = PBXNativeTarget;
			buildConfigurationList = 9E6515411CBD8C2700965808 /* Build configuration list for PBXNativeTarget "LearnYourManners" */;
			buildPhases = (
				9E6515281CBD8C2700965808 /* Sources */,
				9E6515291CBD8C2700965808 /* Frameworks */,
				9E65152A1CBD8C2700965808 /* Resources */,
			);
			buildRules = (
			);
			dependencies = (
			);
			name = LearnYourManners;
			productName = LearnYourManners;
			productReference = 9E65152C1CBD8C2700965808 /* LearnYourManners.app */;
			productType = "com.apple.product-type.application";
		};
/* End PBXNativeTarget section */

/* Begin PBXProject section */
		9E6515241CBD8C2700965808 /* Project object */ = {
			isa = PBXProject;
			attributes = {
				LastSwiftUpdateCheck = 0730;
				LastUpgradeCheck = 0730;
				ORGANIZATIONNAME = "Chapman University";
				TargetAttributes = {
					9E65152B1CBD8C2700965808 = {
						CreatedOnToolsVersion = 7.3;
					};
				};
			};
			buildConfigurationList = 9E6515271CBD8C2700965808 /* Build configuration list for PBXProject "LearnYourManners" */;
			compatibilityVersion = "Xcode 3.2";
			developmentRegion = English;
			hasScannedForEncodings = 0;
			knownRegions = (
				en,
				Base,
			);
			mainGroup = 9E6515231CBD8C2700965808;
			productRefGroup = 9E65152D1CBD8C2700965808 /* Products */;
			projectDirPath = "";
			projectRoot = "";
			targets = (
				9E65152B1CBD8C2700965808 /* LearnYourManners */,
			);
		};
/* End PBXProject section */

/* Begin PBXResourcesBuildPhase section */
		9E65152A1CBD8C2700965808 /* Resources */ = {
			isa = PBXResourcesBuildPhase;
			buildActionMask = 2147483647;
			files = (
				9E65153D1CBD8C2700965808 /* LaunchScreen.storyboard in Resources */,
				9E65153A1CBD8C2700965808 /* Assets.xcassets in Resources */,
				9E6515351CBD8C2700965808 /* Main.storyboard in Resources */,
			);
			runOnlyForDeploymentPostprocessing = 0;
		};
/* End PBXResourcesBuildPhase section */

/* Begin PBXSourcesBuildPhase section */
		9E6515281CBD8C2700965808 /* Sources */ = {
			isa = PBXSourcesBuildPhase;
			buildActionMask = 2147483647;
			files = (
				9E6515451CBD8D7D00965808 /* Manner.swift in Sources */,
				9E6515591CBD981400965808 /* MannerDetailedViewController.swift in Sources */,
				9E65154B1CBD90BE00965808 /* GivingCompliments.swift in Sources */,
				9E6515321CBD8C2700965808 /* ViewController.swift in Sources */,
				9E6515531CBD923700965808 /* Please.swift in Sources */,
				9E6515301CBD8C2700965808 /* AppDelegate.swift in Sources */,
				9E6515551CBD932F00965808 /* Eating.swift in Sources */,
				9E6515511CBD923100965808 /* ExcuseMe.swift in Sources */,
				9E65154F1CBD91A700965808 /* Restroom.swift in Sources */,
				9E6515491CBD8F9400965808 /* EyeContact.swift in Sources */,
				9E6515381CBD8C2700965808 /* LearnYourManners.xcdatamodeld in Sources */,
				9E65154D1CBD913C00965808 /* Sneezing.swift in Sources */,
				9E6515571CBD933400965808 /* Drinking.swift in Sources */,
			);
			runOnlyForDeploymentPostprocessing = 0;
		};
/* End PBXSourcesBuildPhase section */

/* Begin PBXVariantGroup section */
		9E6515331CBD8C2700965808 /* Main.storyboard */ = {
			isa = PBXVariantGroup;
			children = (
				9E6515341CBD8C2700965808 /* Base */,
			);
			name = Main.storyboard;
			sourceTree = "<group>";
		};
		9E65153B1CBD8C2700965808 /* LaunchScreen.storyboard */ = {
			isa = PBXVariantGroup;
			children = (
				9E65153C1CBD8C2700965808 /* Base */,
			);
			name = LaunchScreen.storyboard;
			sourceTree = "<group>";
		};
/* End PBXVariantGroup section */

/* Begin XCBuildConfiguration section */
		9E65153F1CBD8C2700965808 /* Debug */ = {
			isa = XCBuildConfiguration;
			buildSettings = {
				ALWAYS_SEARCH_USER_PATHS = NO;
				CLANG_ANALYZER_NONNULL = YES;
				CLANG_CXX_LANGUAGE_STANDARD = "gnu++0x";
				CLANG_CXX_LIBRARY = "libc++";
				CLANG_ENABLE_MODULES = YES;
				CLANG_ENABLE_OBJC_ARC = YES;
				CLANG_WARN_BOOL_CONVERSION = YES;
				CLANG_WARN_CONSTANT_CONVERSION = YES;
				CLANG_WARN_DIRECT_OBJC_ISA_USAGE = YES_ERROR;
				CLANG_WARN_EMPTY_BODY = YES;
				CLANG_WARN_ENUM_CONVERSION = YES;
				CLANG_WARN_INT_CONVERSION = YES;
				CLANG_WARN_OBJC_ROOT_CLASS = YES_ERROR;
				CLANG_WARN_UNREACHABLE_CODE = YES;
				CLANG_WARN__DUPLICATE_METHOD_MATCH = YES;
				"CODE_SIGN_IDENTITY[sdk=iphoneos*]" = "iPhone Developer";
				COPY_PHASE_STRIP = NO;
				DEBUG_INFORMATION_FORMAT = dwarf;
				ENABLE_STRICT_OBJC_MSGSEND = YES;
				ENABLE_TESTABILITY = YES;
				GCC_C_LANGUAGE_STANDARD = gnu99;
				GCC_DYNAMIC_NO_PIC = NO;
				GCC_NO_COMMON_BLOCKS = YES;
				GCC_OPTIMIZATION_LEVEL = 0;
				GCC_PREPROCESSOR_DEFINITIONS = (
					"DEBUG=1",
					"$(inherited)",
				);
				GCC_WARN_64_TO_32_BIT_CONVERSION = YES;
				GCC_WARN_ABOUT_RETURN_TYPE = YES_ERROR;
				GCC_WARN_UNDECLARED_SELECTOR = YES;
				GCC_WARN_UNINITIALIZED_AUTOS = YES_AGGRESSIVE;
				GCC_WARN_UNUSED_FUNCTION = YES;
				GCC_WARN_UNUSED_VARIABLE = YES;
				IPHONEOS_DEPLOYMENT_TARGET = 9.3;
				MTL_ENABLE_DEBUG_INFO = YES;
				ONLY_ACTIVE_ARCH = YES;
				SDKROOT = iphoneos;
				SWIFT_OPTIMIZATION_LEVEL = "-Onone";
				TARGETED_DEVICE_FAMILY = "1,2";
			};
			name = Debug;
		};
		9E6515401CBD8C2700965808 /* Release */ = {
			isa = XCBuildConfiguration;
			buildSettings = {
				ALWAYS_SEARCH_USER_PATHS = NO;
				CLANG_ANALYZER_NONNULL = YES;
				CLANG_CXX_LANGUAGE_STANDARD = "gnu++0x";
				CLANG_CXX_LIBRARY = "libc++";
				CLANG_ENABLE_MODULES = YES;
				CLANG_ENABLE_OBJC_ARC = YES;
				CLANG_WARN_BOOL_CONVERSION = YES;
				CLANG_WARN_CONSTANT_CONVERSION = YES;
				CLANG_WARN_DIRECT_OBJC_ISA_USAGE = YES_ERROR;
				CLANG_WARN_EMPTY_BODY = YES;
				CLANG_WARN_ENUM_CONVERSION = YES;
				CLANG_WARN_INT_CONVERSION = YES;
				CLANG_WARN_OBJC_ROOT_CLASS = YES_ERROR;
				CLANG_WARN_UNREACHABLE_CODE = YES;
				CLANG_WARN__DUPLICATE_METHOD_MATCH = YES;
				"CODE_SIGN_IDENTITY[sdk=iphoneos*]" = "iPhone Developer";
				COPY_PHASE_STRIP = NO;
				DEBUG_INFORMATION_FORMAT = "dwarf-with-dsym";
				ENABLE_NS_ASSERTIONS = NO;
				ENABLE_STRICT_OBJC_MSGSEND = YES;
				GCC_C_LANGUAGE_STANDARD = gnu99;
				GCC_NO_COMMON_BLOCKS = YES;
				GCC_WARN_64_TO_32_BIT_CONVERSION = YES;
				GCC_WARN_ABOUT_RETURN_TYPE = YES_ERROR;
				GCC_WARN_UNDECLARED_SELECTOR = YES;
				GCC_WARN_UNINITIALIZED_AUTOS = YES_AGGRESSIVE;
				GCC_WARN_UNUSED_FUNCTION = YES;
				GCC_WARN_UNUSED_VARIABLE = YES;
				IPHONEOS_DEPLOYMENT_TARGET = 9.3;
				MTL_ENABLE_DEBUG_INFO = NO;
				SDKROOT = iphoneos;
				TARGETED_DEVICE_FAMILY = "1,2";
				VALIDATE_PRODUCT = YES;
			};
			name = Release;
		};
		9E6515421CBD8C2700965808 /* Debug */ = {
			isa = XCBuildConfiguration;
			buildSettings = {
				ASSETCATALOG_COMPILER_APPICON_NAME = AppIcon;
				INFOPLIST_FILE = LearnYourManners/Info.plist;
				LD_RUNPATH_SEARCH_PATHS = "$(inherited) @executable_path/Frameworks";
				PRODUCT_BUNDLE_IDENTIFIER = edu.chapman.LearnYourManners;
				PRODUCT_NAME = "$(TARGET_NAME)";
			};
			name = Debug;
		};
		9E6515431CBD8C2700965808 /* Release */ = {
			isa = XCBuildConfiguration;
			buildSettings = {
				ASSETCATALOG_COMPILER_APPICON_NAME = AppIcon;
				INFOPLIST_FILE = LearnYourManners/Info.plist;
				LD_RUNPATH_SEARCH_PATHS = "$(inherited) @executable_path/Frameworks";
				PRODUCT_BUNDLE_IDENTIFIER = edu.chapman.LearnYourManners;
				PRODUCT_NAME = "$(TARGET_NAME)";
			};
			name = Release;
		};
/* End XCBuildConfiguration section */

/* Begin XCConfigurationList section */
		9E6515271CBD8C2700965808 /* Build configuration list for PBXProject "LearnYourManners" */ = {
			isa = XCConfigurationList;
			buildConfigurations = (
				9E65153F1CBD8C2700965808 /* Debug */,
				9E6515401CBD8C2700965808 /* Release */,
			);
			defaultConfigurationIsVisible = 0;
			defaultConfigurationName = Release;
		};
		9E6515411CBD8C2700965808 /* Build configuration list for PBXNativeTarget "LearnYourManners" */ = {
			isa = XCConfigurationList;
			buildConfigurations = (
				9E6515421CBD8C2700965808 /* Debug */,
				9E6515431CBD8C2700965808 /* Release */,
			);
			defaultConfigurationIsVisible = 0;
		};
/* End XCConfigurationList section */

/* Begin XCVersionGroup section */
		9E6515361CBD8C2700965808 /* LearnYourManners.xcdatamodeld */ = {
			isa = XCVersionGroup;
			children = (
				9E6515371CBD8C2700965808 /* LearnYourManners.xcdatamodel */,
			);
			currentVersion = 9E6515371CBD8C2700965808 /* LearnYourManners.xcdatamodel */;
			path = LearnYourManners.xcdatamodeld;
			sourceTree = "<group>";
			versionGroupType = wrapper.xcdatamodel;
		};
/* End XCVersionGroup section */
	};
	rootObject = 9E6515241CBD8C2700965808 /* Project object */;
}
